
Microsoft Visual Studio Solution File, Format Version 12.00
# Visual Studio Version 16
VisualStudioVersion = 16.0.30330.147
MinimumVisualStudioVersion = 10.0.40219.1
Project("{FAE04EC0-301F-11D3-BF4B-00C04F79EFBC}") = "PS5 Firmware Checker", "PS5 Firmware Checker\PS5 Firmware Checker.csproj", "{AF210555-F5E6-425C-BCFE-829DC80096B4}"
EndProject
Global
	GlobalSection(SolutionConfigurationPlatforms) = preSolution
		Debug|Any CPU = Debug|Any CPU
		Release|Any CPU = Release|Any CPU
	EndGlobalSection
	GlobalSection(ProjectConfigurationPlatforms) = postSolution
		{AF210555-F5E6-425C-BCFE-829DC80096B4}.Debug|Any CPU.ActiveCfg = Debug|Any CPU
		{AF210555-F5E6-425C-BCFE-829DC80096B4}.Debug|Any CPU.Build.0 = Debug|Any CPU
		{AF210555-F5E6-425C-BCFE-829DC80096B4}.Release|Any CPU.ActiveCfg = Release|Any CPU
		{AF210555-F5E6-425C-BCFE-829DC80096B4}.Release|Any CPU.Build.0 = Release|Any CPU
	EndGlobalSection
	GlobalSection(SolutionProperties) = preSolution
		HideSolutionNode = FALSE
	EndGlobalSection
	GlobalSection(ExtensibilityGlobals) = postSolution
		SolutionGuid = {49DF96F1-829D-4C57-BF72-6C10EBC8C785}
	EndGlobalSection
EndGlobal
